
Microsoft Visual Studio Solution File, Format Version 12.00
# Visual Studio Version 16
VisualStudioVersion = 16.0.30225.117
MinimumVisualStudioVersion = 10.0.40219.1
Project("{9A19103F-16F7-4668-BE54-9A1E7A4F7556}") = "ProjectBpl.Tests", "ProjectBpl.Tests\ProjectBpl.Tests.csproj", "{39ECC99C-E232-409B-84C2-B55D8E10CF9C}"
EndProject
Project("{9A19103F-16F7-4668-BE54-9A1E7A4F7556}") = "ProjectBpl.DAL", "ProjectBpl.DAL\ProjectBpl.DAL.csproj", "{43A73861-DEE0-4503-88CF-DF07755BCFAA}"
EndProject
Project("{9A19103F-16F7-4668-BE54-9A1E7A4F7556}") = "ProjectBpl.API", "ProjectBpl.API\ProjectBpl.API.csproj", "{CD3F28EE-3113-4B9A-9B75-761A46AB3865}"
EndProject
Global
	GlobalSection(SolutionConfigurationPlatforms) = preSolution
		Debug|Any CPU = Debug|Any CPU
		Release|Any CPU = Release|Any CPU
	EndGlobalSection
	GlobalSection(ProjectConfigurationPlatforms) = postSolution
		{39ECC99C-E232-409B-84C2-B55D8E10CF9C}.Debug|Any CPU.ActiveCfg = Debug|Any CPU
		{39ECC99C-E232-409B-84C2-B55D8E10CF9C}.Debug|Any CPU.Build.0 = Debug|Any CPU
		{39ECC99C-E232-409B-84C2-B55D8E10CF9C}.Release|Any CPU.ActiveCfg = Release|Any CPU
		{39ECC99C-E232-409B-84C2-B55D8E10CF9C}.Release|Any CPU.Build.0 = Release|Any CPU
		{43A73861-DEE0-4503-88CF-DF07755BCFAA}.Debug|Any CPU.ActiveCfg = Debug|Any CPU
		{43A73861-DEE0-4503-88CF-DF07755BCFAA}.Debug|Any CPU.Build.0 = Debug|Any CPU
		{43A73861-DEE0-4503-88CF-DF07755BCFAA}.Release|Any CPU.ActiveCfg = Release|Any CPU
		{43A73861-DEE0-4503-88CF-DF07755BCFAA}.Release|Any CPU.Build.0 = Release|Any CPU
		{CD3F28EE-3113-4B9A-9B75-761A46AB3865}.Debug|Any CPU.ActiveCfg = Debug|Any CPU
		{CD3F28EE-3113-4B9A-9B75-761A46AB3865}.Debug|Any CPU.Build.0 = Debug|Any CPU
		{CD3F28EE-3113-4B9A-9B75-761A46AB3865}.Release|Any CPU.ActiveCfg = Release|Any CPU
		{CD3F28EE-3113-4B9A-9B75-761A46AB3865}.Release|Any CPU.Build.0 = Release|Any CPU
	EndGlobalSection
	GlobalSection(SolutionProperties) = preSolution
		HideSolutionNode = FALSE
	EndGlobalSection
	GlobalSection(ExtensibilityGlobals) = postSolution
		SolutionGuid = {7E3BDD0F-D799-4CBD-BEA5-EC18009B8139}
	EndGlobalSection
EndGlobal
